
Microsoft Visual Studio Solution File, Format Version 12.00
# Visual Studio 2013
VisualStudioVersion = 12.0.31101.0
MinimumVisualStudioVersion = 10.0.40219.1
Project("{FAE04EC0-301F-11D3-BF4B-00C04F79EFBC}") = "Planner", "Planner\Planner.csproj", "{10D7AF32-35C8-4454-92F1-FCA908AE28E8}"
EndProject
Project("{FAE04EC0-301F-11D3-BF4B-00C04F79EFBC}") = "Planner.Tests", "Planner.Tests\Planner.Tests.csproj", "{BD30E525-7775-4F06-8A81-7DD9ADF63B7B}"
EndProject
Global
	GlobalSection(SolutionConfigurationPlatforms) = preSolution
		Debug|Any CPU = Debug|Any CPU
		Release|Any CPU = Release|Any CPU
	EndGlobalSection
	GlobalSection(ProjectConfigurationPlatforms) = postSolution
		{10D7AF32-35C8-4454-92F1-FCA908AE28E8}.Debug|Any CPU.ActiveCfg = Debug|Any CPU
		{10D7AF32-35C8-4454-92F1-FCA908AE28E8}.Debug|Any CPU.Build.0 = Debug|Any CPU
		{10D7AF32-35C8-4454-92F1-FCA908AE28E8}.Release|Any CPU.ActiveCfg = Release|Any CPU
		{10D7AF32-35C8-4454-92F1-FCA908AE28E8}.Release|Any CPU.Build.0 = Release|Any CPU
		{BD30E525-7775-4F06-8A81-7DD9ADF63B7B}.Debug|Any CPU.ActiveCfg = Debug|Any CPU
		{BD30E525-7775-4F06-8A81-7DD9ADF63B7B}.Debug|Any CPU.Build.0 = Debug|Any CPU
		{BD30E525-7775-4F06-8A81-7DD9ADF63B7B}.Release|Any CPU.ActiveCfg = Release|Any CPU
		{BD30E525-7775-4F06-8A81-7DD9ADF63B7B}.Release|Any CPU.Build.0 = Release|Any CPU
	EndGlobalSection
	GlobalSection(SolutionProperties) = preSolution
		HideSolutionNode = FALSE
	EndGlobalSection
EndGlobal
